{
  "version": 4,
  "terraform_version": "1.9.8",
  "serial": 7,
  "lineage": "78be0f0c-d3b2-4ae6-f041-b1b59c466699",
  "outputs": {},
  "resources": [
    {
      "mode": "managed",
      "type": "google_bigquery_dataset",
      "name": "train_dataset",
      "provider": "provider[\"registry.terraform.io/hashicorp/google\"]",
      "instances": [
        {
          "schema_version": 0,
          "attributes": {
            "access": [
              {
                "dataset": [],
                "domain": "",
                "group_by_email": "",
                "iam_member": "",
                "role": "OWNER",
                "routine": [],
                "special_group": "",
                "user_by_email": "terraform-service-account@triple-kingdom-416610.iam.gserviceaccount.com",
                "view": []
              },
              {
                "dataset": [],
                "domain": "",
                "group_by_email": "",
                "iam_member": "",
                "role": "OWNER",
                "routine": [],
                "special_group": "projectOwners",
                "user_by_email": "",
                "view": []
              },
              {
                "dataset": [],
                "domain": "",
                "group_by_email": "",
                "iam_member": "",
                "role": "READER",
                "routine": [],
                "special_group": "projectReaders",
                "user_by_email": "",
                "view": []
              },
              {
                "dataset": [],
                "domain": "",
                "group_by_email": "",
                "iam_member": "",
                "role": "WRITER",
                "routine": [],
                "special_group": "projectWriters",
                "user_by_email": "",
                "view": []
              }
            ],
            "creation_time": 1732101926022,
            "dataset_id": "train_dataset",
            "default_collation": "",
            "default_encryption_configuration": [],
            "default_partition_expiration_ms": 0,
            "default_table_expiration_ms": 0,
            "delete_contents_on_destroy": false,
            "description": "Dataset for training purposes.",
            "effective_labels": {
              "goog-terraform-provisioned": "true"
            },
            "etag": "s8ddgxiverD1zLg4rhg+Rg==",
            "external_dataset_reference": [],
            "friendly_name": "Training Dataset",
            "id": "projects/triple-kingdom-416610/datasets/train_dataset",
            "is_case_insensitive": false,
            "labels": {},
            "last_modified_time": 1732101926022,
            "location": "europe-west1",
            "max_time_travel_hours": "168",
            "project": "triple-kingdom-416610",
            "resource_tags": {},
            "self_link": "https://bigquery.googleapis.com/bigquery/v2/projects/triple-kingdom-416610/datasets/train_dataset",
            "storage_billing_model": "",
            "terraform_labels": {
              "goog-terraform-provisioned": "true"
            },
            "timeouts": null
          },
          "sensitive_attributes": [],
          "private": "eyJlMmJmYjczMC1lY2FhLTExZTYtOGY4OC0zNDM2M2JjN2M0YzAiOnsiY3JlYXRlIjoxMjAwMDAwMDAwMDAwLCJkZWxldGUiOjEyMDAwMDAwMDAwMDAsInVwZGF0ZSI6MTIwMDAwMDAwMDAwMH19"
        }
      ]
    },
    {
      "mode": "managed",
      "type": "google_bigquery_table",
      "name": "train_table",
      "provider": "provider[\"registry.terraform.io/hashicorp/google\"]",
      "instances": [
        {
          "schema_version": 0,
          "attributes": {
            "biglake_configuration": [],
            "clustering": null,
            "creation_time": 1732101927446,
            "dataset_id": "train_dataset",
            "deletion_protection": false,
            "description": "",
            "effective_labels": {
              "goog-terraform-provisioned": "true"
            },
            "encryption_configuration": [],
            "etag": "DwmF2S4DmfoG6YsShCZF7A==",
            "expiration_time": 0,
            "external_data_configuration": [],
            "friendly_name": "",
            "id": "projects/triple-kingdom-416610/datasets/train_dataset/tables/fraud_transactions",
            "labels": {},
            "last_modified_time": 1732101927490,
            "location": "europe-west1",
            "materialized_view": [],
            "max_staleness": "",
            "num_bytes": 0,
            "num_long_term_bytes": 0,
            "num_rows": 0,
            "project": "triple-kingdom-416610",
            "range_partitioning": [],
            "require_partition_filter": false,
            "resource_tags": {},
            "schema": "[{\"mode\":\"REQUIRED\",\"name\":\"transaction_id\",\"type\":\"STRING\"},{\"mode\":\"NULLABLE\",\"name\":\"amount\",\"type\":\"FLOAT\"},{\"mode\":\"NULLABLE\",\"name\":\"timestamp\",\"type\":\"TIMESTAMP\"},{\"mode\":\"NULLABLE\",\"name\":\"is_fraud\",\"type\":\"BOOLEAN\"}]",
            "self_link": "https://bigquery.googleapis.com/bigquery/v2/projects/triple-kingdom-416610/datasets/train_dataset/tables/fraud_transactions",
            "table_constraints": [],
            "table_id": "fraud_transactions",
            "table_replication_info": [],
            "terraform_labels": {
              "goog-terraform-provisioned": "true"
            },
            "time_partitioning": [],
            "type": "TABLE",
            "view": []
          },
          "sensitive_attributes": [],
          "private": "bnVsbA==",
          "dependencies": [
            "google_bigquery_dataset.train_dataset"
          ]
        }
      ]
    }
  ],
  "check_results": null
}
